// !$*UTF8*$!
{
	archiveVersion = 1;
	classes = {
	};
	objectVersion = 56;
	objects = {

/* Begin PBXBuildFile section */
		91CB51C42A3DC5F6001C28D6 /* TCAAppApp.swift in Sources */ = {isa = PBXBuildFile; fileRef = 91CB51C32A3DC5F6001C28D6 /* TCAAppApp.swift */; };
		91CB51C82A3DC5F8001C28D6 /* Assets.xcassets in Resources */ = {isa = PBXBuildFile; fileRef = 91CB51C72A3DC5F8001C28D6 /* Assets.xcassets */; };
		91CB51CB2A3DC5F8001C28D6 /* Preview Assets.xcassets in Resources */ = {isa = PBXBuildFile; fileRef = 91CB51CA2A3DC5F8001C28D6 /* Preview Assets.xcassets */; };
		91CB51D52A3DC5F8001C28D6 /* TCAAppTests.swift in Sources */ = {isa = PBXBuildFile; fileRef = 91CB51D42A3DC5F8001C28D6 /* TCAAppTests.swift */; };
		91CB51DF2A3DC5F8001C28D6 /* TCAAppUITests.swift in Sources */ = {isa = PBXBuildFile; fileRef = 91CB51DE2A3DC5F8001C28D6 /* TCAAppUITests.swift */; };
		91CB51E12A3DC5F8001C28D6 /* TCAAppUITestsLaunchTests.swift in Sources */ = {isa = PBXBuildFile; fileRef = 91CB51E02A3DC5F8001C28D6 /* TCAAppUITestsLaunchTests.swift */; };
		91CB51EF2A3DC634001C28D6 /* ComposableArchitecture in Frameworks */ = {isa = PBXBuildFile; productRef = 91CB51EE2A3DC634001C28D6 /* ComposableArchitecture */; };
		91CB51F42A3DC682001C28D6 /* AddToCartDomain.swift in Sources */ = {isa = PBXBuildFile; fileRef = 91CB51F32A3DC682001C28D6 /* AddToCartDomain.swift */; };
		91CB51F62A3DC694001C28D6 /* PlusMinusButton.swift in Sources */ = {isa = PBXBuildFile; fileRef = 91CB51F52A3DC694001C28D6 /* PlusMinusButton.swift */; };
		91CB51F82A3DC6C0001C28D6 /* AddToCartButton.swift in Sources */ = {isa = PBXBuildFile; fileRef = 91CB51F72A3DC6C0001C28D6 /* AddToCartButton.swift */; };
		91CB51FA2A3DC6D5001C28D6 /* Product.swift in Sources */ = {isa = PBXBuildFile; fileRef = 91CB51F92A3DC6D5001C28D6 /* Product.swift */; };
		91CB51FC2A3DC6F0001C28D6 /* ProductDomain.swift in Sources */ = {isa = PBXBuildFile; fileRef = 91CB51FB2A3DC6F0001C28D6 /* ProductDomain.swift */; };
		91CB51FE2A3DC717001C28D6 /* ProductCell.swift in Sources */ = {isa = PBXBuildFile; fileRef = 91CB51FD2A3DC717001C28D6 /* ProductCell.swift */; };
/* End PBXBuildFile section */

/* Begin PBXContainerItemProxy section */
		91CB51D12A3DC5F8001C28D6 /* PBXContainerItemProxy */ = {
			isa = PBXContainerItemProxy;
			containerPortal = 91CB51B82A3DC5F6001C28D6 /* Project object */;
			proxyType = 1;
			remoteGlobalIDString = 91CB51BF2A3DC5F6001C28D6;
			remoteInfo = TCAApp;
		};
		91CB51DB2A3DC5F8001C28D6 /* PBXContainerItemProxy */ = {
			isa = PBXContainerItemProxy;
			containerPortal = 91CB51B82A3DC5F6001C28D6 /* Project object */;
			proxyType = 1;
			remoteGlobalIDString = 91CB51BF2A3DC5F6001C28D6;
			remoteInfo = TCAApp;
		};
/* End PBXContainerItemProxy section */

/* Begin PBXFileReference section */
		91CB51C02A3DC5F6001C28D6 /* TCAApp.app */ = {isa = PBXFileReference; explicitFileType = wrapper.application; includeInIndex = 0; path = TCAApp.app; sourceTree = BUILT_PRODUCTS_DIR; };
		91CB51C32A3DC5F6001C28D6 /* TCAAppApp.swift */ = {isa = PBXFileReference; lastKnownFileType = sourcecode.swift; path = TCAAppApp.swift; sourceTree = "<group>"; };
		91CB51C72A3DC5F8001C28D6 /* Assets.xcassets */ = {isa = PBXFileReference; lastKnownFileType = folder.assetcatalog; path = Assets.xcassets; sourceTree = "<group>"; };
		91CB51CA2A3DC5F8001C28D6 /* Preview Assets.xcassets */ = {isa = PBXFileReference; lastKnownFileType = folder.assetcatalog; path = "Preview Assets.xcassets"; sourceTree = "<group>"; };
		91CB51D02A3DC5F8001C28D6 /* TCAAppTests.xctest */ = {isa = PBXFileReference; explicitFileType = wrapper.cfbundle; includeInIndex = 0; path = TCAAppTests.xctest; sourceTree = BUILT_PRODUCTS_DIR; };
		91CB51D42A3DC5F8001C28D6 /* TCAAppTests.swift */ = {isa = PBXFileReference; lastKnownFileType = sourcecode.swift; path = TCAAppTests.swift; sourceTree = "<group>"; };
		91CB51DA2A3DC5F8001C28D6 /* TCAAppUITests.xctest */ = {isa = PBXFileReference; explicitFileType = wrapper.cfbundle; includeInIndex = 0; path = TCAAppUITests.xctest; sourceTree = BUILT_PRODUCTS_DIR; };
		91CB51DE2A3DC5F8001C28D6 /* TCAAppUITests.swift */ = {isa = PBXFileReference; lastKnownFileType = sourcecode.swift; path = TCAAppUITests.swift; sourceTree = "<group>"; };
		91CB51E02A3DC5F8001C28D6 /* TCAAppUITestsLaunchTests.swift */ = {isa = PBXFileReference; lastKnownFileType = sourcecode.swift; path = TCAAppUITestsLaunchTests.swift; sourceTree = "<group>"; };
		91CB51F32A3DC682001C28D6 /* AddToCartDomain.swift */ = {isa = PBXFileReference; lastKnownFileType = sourcecode.swift; path = AddToCartDomain.swift; sourceTree = "<group>"; };
		91CB51F52A3DC694001C28D6 /* PlusMinusButton.swift */ = {isa = PBXFileReference; lastKnownFileType = sourcecode.swift; path = PlusMinusButton.swift; sourceTree = "<group>"; };
		91CB51F72A3DC6C0001C28D6 /* AddToCartButton.swift */ = {isa = PBXFileReference; lastKnownFileType = sourcecode.swift; path = AddToCartButton.swift; sourceTree = "<group>"; };
		91CB51F92A3DC6D5001C28D6 /* Product.swift */ = {isa = PBXFileReference; lastKnownFileType = sourcecode.swift; path = Product.swift; sourceTree = "<group>"; };
		91CB51FB2A3DC6F0001C28D6 /* ProductDomain.swift */ = {isa = PBXFileReference; lastKnownFileType = sourcecode.swift; path = ProductDomain.swift; sourceTree = "<group>"; };
		91CB51FD2A3DC717001C28D6 /* ProductCell.swift */ = {isa = PBXFileReference; lastKnownFileType = sourcecode.swift; path = ProductCell.swift; sourceTree = "<group>"; };
/* End PBXFileReference section */

/* Begin PBXFrameworksBuildPhase section */
		91CB51BD2A3DC5F6001C28D6 /* Frameworks */ = {
			isa = PBXFrameworksBuildPhase;
			buildActionMask = 2147483647;
			files = (
				91CB51EF2A3DC634001C28D6 /* ComposableArchitecture in Frameworks */,
			);
			runOnlyForDeploymentPostprocessing = 0;
		};
		91CB51CD2A3DC5F8001C28D6 /* Frameworks */ = {
			isa = PBXFrameworksBuildPhase;
			buildActionMask = 2147483647;
			files = (
			);
			runOnlyForDeploymentPostprocessing = 0;
		};
		91CB51D72A3DC5F8001C28D6 /* Frameworks */ = {
			isa = PBXFrameworksBuildPhase;
			buildActionMask = 2147483647;
			files = (
			);
			runOnlyForDeploymentPostprocessing = 0;
		};
/* End PBXFrameworksBuildPhase section */

/* Begin PBXGroup section */
		91CB51B72A3DC5F6001C28D6 = {
			isa = PBXGroup;
			children = (
				91CB51C22A3DC5F6001C28D6 /* TCAApp */,
				91CB51D32A3DC5F8001C28D6 /* TCAAppTests */,
				91CB51DD2A3DC5F8001C28D6 /* TCAAppUITests */,
				91CB51C12A3DC5F6001C28D6 /* Products */,
			);
			sourceTree = "<group>";
		};
		91CB51C12A3DC5F6001C28D6 /* Products */ = {
			isa = PBXGroup;
			children = (
				91CB51C02A3DC5F6001C28D6 /* TCAApp.app */,
				91CB51D02A3DC5F8001C28D6 /* TCAAppTests.xctest */,
				91CB51DA2A3DC5F8001C28D6 /* TCAAppUITests.xctest */,
			);
			name = Products;
			sourceTree = "<group>";
		};
		91CB51C22A3DC5F6001C28D6 /* TCAApp */ = {
			isa = PBXGroup;
			children = (
				91CB51C32A3DC5F6001C28D6 /* TCAAppApp.swift */,
				91CB51F02A3DC649001C28D6 /* Product */,
				91CB51F22A3DC654001C28D6 /* AddToCart */,
				91CB51C72A3DC5F8001C28D6 /* Assets.xcassets */,
				91CB51C92A3DC5F8001C28D6 /* Preview Content */,
			);
			path = TCAApp;
			sourceTree = "<group>";
		};
		91CB51C92A3DC5F8001C28D6 /* Preview Content */ = {
			isa = PBXGroup;
			children = (
				91CB51CA2A3DC5F8001C28D6 /* Preview Assets.xcassets */,
			);
			path = "Preview Content";
			sourceTree = "<group>";
		};
		91CB51D32A3DC5F8001C28D6 /* TCAAppTests */ = {
			isa = PBXGroup;
			children = (
				91CB51D42A3DC5F8001C28D6 /* TCAAppTests.swift */,
			);
			path = TCAAppTests;
			sourceTree = "<group>";
		};
		91CB51DD2A3DC5F8001C28D6 /* TCAAppUITests */ = {
			isa = PBXGroup;
			children = (
				91CB51DE2A3DC5F8001C28D6 /* TCAAppUITests.swift */,
				91CB51E02A3DC5F8001C28D6 /* TCAAppUITestsLaunchTests.swift */,
			);
			path = TCAAppUITests;
			sourceTree = "<group>";
		};
		91CB51F02A3DC649001C28D6 /* Product */ = {
			isa = PBXGroup;
			children = (
				91CB51F92A3DC6D5001C28D6 /* Product.swift */,
				91CB51FB2A3DC6F0001C28D6 /* ProductDomain.swift */,
				91CB51FD2A3DC717001C28D6 /* ProductCell.swift */,
			);
			path = Product;
			sourceTree = "<group>";
		};
		91CB51F22A3DC654001C28D6 /* AddToCart */ = {
			isa = PBXGroup;
			children = (
				91CB51F32A3DC682001C28D6 /* AddToCartDomain.swift */,
				91CB51F52A3DC694001C28D6 /* PlusMinusButton.swift */,
				91CB51F72A3DC6C0001C28D6 /* AddToCartButton.swift */,
			);
			path = AddToCart;
			sourceTree = "<group>";
		};
/* End PBXGroup section */

/* Begin PBXNativeTarget section */
		91CB51BF2A3DC5F6001C28D6 /* TCAApp */ = {
			isa = PBXNativeTarget;
			buildConfigurationList = 91CB51E42A3DC5F8001C28D6 /* Build configuration list for PBXNativeTarget "TCAApp" */;
			buildPhases = (
				91CB51BC2A3DC5F6001C28D6 /* Sources */,
				91CB51BD2A3DC5F6001C28D6 /* Frameworks */,
				91CB51BE2A3DC5F6001C28D6 /* Resources */,
			);
			buildRules = (
			);
			dependencies = (
			);
			name = TCAApp;
			packageProductDependencies = (
				91CB51EE2A3DC634001C28D6 /* ComposableArchitecture */,
			);
			productName = TCAApp;
			productReference = 91CB51C02A3DC5F6001C28D6 /* TCAApp.app */;
			productType = "com.apple.product-type.application";
		};
		91CB51CF2A3DC5F8001C28D6 /* TCAAppTests */ = {
			isa = PBXNativeTarget;
			buildConfigurationList = 91CB51E72A3DC5F8001C28D6 /* Build configuration list for PBXNativeTarget "TCAAppTests" */;
			buildPhases = (
				91CB51CC2A3DC5F8001C28D6 /* Sources */,
				91CB51CD2A3DC5F8001C28D6 /* Frameworks */,
				91CB51CE2A3DC5F8001C28D6 /* Resources */,
			);
			buildRules = (
			);
			dependencies = (
				91CB51D22A3DC5F8001C28D6 /* PBXTargetDependency */,
			);
			name = TCAAppTests;
			productName = TCAAppTests;
			productReference = 91CB51D02A3DC5F8001C28D6 /* TCAAppTests.xctest */;
			productType = "com.apple.product-type.bundle.unit-test";
		};
		91CB51D92A3DC5F8001C28D6 /* TCAAppUITests */ = {
			isa = PBXNativeTarget;
			buildConfigurationList = 91CB51EA2A3DC5F8001C28D6 /* Build configuration list for PBXNativeTarget "TCAAppUITests" */;
			buildPhases = (
				91CB51D62A3DC5F8001C28D6 /* Sources */,
				91CB51D72A3DC5F8001C28D6 /* Frameworks */,
				91CB51D82A3DC5F8001C28D6 /* Resources */,
			);
			buildRules = (
			);
			dependencies = (
				91CB51DC2A3DC5F8001C28D6 /* PBXTargetDependency */,
			);
			name = TCAAppUITests;
			productName = TCAAppUITests;
			productReference = 91CB51DA2A3DC5F8001C28D6 /* TCAAppUITests.xctest */;
			productType = "com.apple.product-type.bundle.ui-testing";
		};
/* End PBXNativeTarget section */

/* Begin PBXProject section */
		91CB51B82A3DC5F6001C28D6 /* Project object */ = {
			isa = PBXProject;
			attributes = {
				BuildIndependentTargetsInParallel = 1;
				LastSwiftUpdateCheck = 1420;
				LastUpgradeCheck = 1420;
				TargetAttributes = {
					91CB51BF2A3DC5F6001C28D6 = {
						CreatedOnToolsVersion = 14.2;
					};
					91CB51CF2A3DC5F8001C28D6 = {
						CreatedOnToolsVersion = 14.2;
						TestTargetID = 91CB51BF2A3DC5F6001C28D6;
					};
					91CB51D92A3DC5F8001C28D6 = {
						CreatedOnToolsVersion = 14.2;
						TestTargetID = 91CB51BF2A3DC5F6001C28D6;
					};
				};
			};
			buildConfigurationList = 91CB51BB2A3DC5F6001C28D6 /* Build configuration list for PBXProject "TCAApp" */;
			compatibilityVersion = "Xcode 14.0";
			developmentRegion = en;
			hasScannedForEncodings = 0;
			knownRegions = (
				en,
				Base,
			);
			mainGroup = 91CB51B72A3DC5F6001C28D6;
			packageReferences = (
				91CB51ED2A3DC634001C28D6 /* XCRemoteSwiftPackageReference "swift-composable-architecture" */,
			);
			productRefGroup = 91CB51C12A3DC5F6001C28D6 /* Products */;
			projectDirPath = "";
			projectRoot = "";
			targets = (
				91CB51BF2A3DC5F6001C28D6 /* TCAApp */,
				91CB51CF2A3DC5F8001C28D6 /* TCAAppTests */,
				91CB51D92A3DC5F8001C28D6 /* TCAAppUITests */,
			);
		};
/* End PBXProject section */

/* Begin PBXResourcesBuildPhase section */
		91CB51BE2A3DC5F6001C28D6 /* Resources */ = {
			isa = PBXResourcesBuildPhase;
			buildActionMask = 2147483647;
			files = (
				91CB51CB2A3DC5F8001C28D6 /* Preview Assets.xcassets in Resources */,
				91CB51C82A3DC5F8001C28D6 /* Assets.xcassets in Resources */,
			);
			runOnlyForDeploymentPostprocessing = 0;
		};
		91CB51CE2A3DC5F8001C28D6 /* Resources */ = {
			isa = PBXResourcesBuildPhase;
			buildActionMask = 2147483647;
			files = (
			);
			runOnlyForDeploymentPostprocessing = 0;
		};
		91CB51D82A3DC5F8001C28D6 /* Resources */ = {
			isa = PBXResourcesBuildPhase;
			buildActionMask = 2147483647;
			files = (
			);
			runOnlyForDeploymentPostprocessing = 0;
		};
/* End PBXResourcesBuildPhase section */

/* Begin PBXSourcesBuildPhase section */
		91CB51BC2A3DC5F6001C28D6 /* Sources */ = {
			isa = PBXSourcesBuildPhase;
			buildActionMask = 2147483647;
			files = (
				91CB51F42A3DC682001C28D6 /* AddToCartDomain.swift in Sources */,
				91CB51FC2A3DC6F0001C28D6 /* ProductDomain.swift in Sources */,
				91CB51F62A3DC694001C28D6 /* PlusMinusButton.swift in Sources */,
				91CB51FA2A3DC6D5001C28D6 /* Product.swift in Sources */,
				91CB51F82A3DC6C0001C28D6 /* AddToCartButton.swift in Sources */,
				91CB51FE2A3DC717001C28D6 /* ProductCell.swift in Sources */,
				91CB51C42A3DC5F6001C28D6 /* TCAAppApp.swift in Sources */,
			);
			runOnlyForDeploymentPostprocessing = 0;
		};
		91CB51CC2A3DC5F8001C28D6 /* Sources */ = {
			isa = PBXSourcesBuildPhase;
			buildActionMask = 2147483647;
			files = (
				91CB51D52A3DC5F8001C28D6 /* TCAAppTests.swift in Sources */,
			);
			runOnlyForDeploymentPostprocessing = 0;
		};
		91CB51D62A3DC5F8001C28D6 /* Sources */ = {
			isa = PBXSourcesBuildPhase;
			buildActionMask = 2147483647;
			files = (
				91CB51DF2A3DC5F8001C28D6 /* TCAAppUITests.swift in Sources */,
				91CB51E12A3DC5F8001C28D6 /* TCAAppUITestsLaunchTests.swift in Sources */,
			);
			runOnlyForDeploymentPostprocessing = 0;
		};
/* End PBXSourcesBuildPhase section */

/* Begin PBXTargetDependency section */
		91CB51D22A3DC5F8001C28D6 /* PBXTargetDependency */ = {
			isa = PBXTargetDependency;
			target = 91CB51BF2A3DC5F6001C28D6 /* TCAApp */;
			targetProxy = 91CB51D12A3DC5F8001C28D6 /* PBXContainerItemProxy */;
		};
		91CB51DC2A3DC5F8001C28D6 /* PBXTargetDependency */ = {
			isa = PBXTargetDependency;
			target = 91CB51BF2A3DC5F6001C28D6 /* TCAApp */;
			targetProxy = 91CB51DB2A3DC5F8001C28D6 /* PBXContainerItemProxy */;
		};
/* End PBXTargetDependency section */

/* Begin XCBuildConfiguration section */
		91CB51E22A3DC5F8001C28D6 /* Debug */ = {
			isa = XCBuildConfiguration;
			buildSettings = {
				ALWAYS_SEARCH_USER_PATHS = NO;
				CLANG_ANALYZER_NONNULL = YES;
				CLANG_ANALYZER_NUMBER_OBJECT_CONVERSION = YES_AGGRESSIVE;
				CLANG_CXX_LANGUAGE_STANDARD = "gnu++20";
				CLANG_ENABLE_MODULES = YES;
				CLANG_ENABLE_OBJC_ARC = YES;
				CLANG_ENABLE_OBJC_WEAK = YES;
				CLANG_WARN_BLOCK_CAPTURE_AUTORELEASING = YES;
				CLANG_WARN_BOOL_CONVERSION = YES;
				CLANG_WARN_COMMA = YES;
				CLANG_WARN_CONSTANT_CONVERSION = YES;
				CLANG_WARN_DEPRECATED_OBJC_IMPLEMENTATIONS = YES;
				CLANG_WARN_DIRECT_OBJC_ISA_USAGE = YES_ERROR;
				CLANG_WARN_DOCUMENTATION_COMMENTS = YES;
				CLANG_WARN_EMPTY_BODY = YES;
				CLANG_WARN_ENUM_CONVERSION = YES;
				CLANG_WARN_INFINITE_RECURSION = YES;
				CLANG_WARN_INT_CONVERSION = YES;
				CLANG_WARN_NON_LITERAL_NULL_CONVERSION = YES;
				CLANG_WARN_OBJC_IMPLICIT_RETAIN_SELF = YES;
				CLANG_WARN_OBJC_LITERAL_CONVERSION = YES;
				CLANG_WARN_OBJC_ROOT_CLASS = YES_ERROR;
				CLANG_WARN_QUOTED_INCLUDE_IN_FRAMEWORK_HEADER = YES;
				CLANG_WARN_RANGE_LOOP_ANALYSIS = YES;
				CLANG_WARN_STRICT_PROTOTYPES = YES;
				CLANG_WARN_SUSPICIOUS_MOVE = YES;
				CLANG_WARN_UNGUARDED_AVAILABILITY = YES_AGGRESSIVE;
				CLANG_WARN_UNREACHABLE_CODE = YES;
				CLANG_WARN__DUPLICATE_METHOD_MATCH = YES;
				COPY_PHASE_STRIP = NO;
				DEBUG_INFORMATION_FORMAT = dwarf;
				ENABLE_STRICT_OBJC_MSGSEND = YES;
				ENABLE_TESTABILITY = YES;
				GCC_C_LANGUAGE_STANDARD = gnu11;
				GCC_DYNAMIC_NO_PIC = NO;
				GCC_NO_COMMON_BLOCKS = YES;
				GCC_OPTIMIZATION_LEVEL = 0;
				GCC_PREPROCESSOR_DEFINITIONS = (
					"DEBUG=1",
					"$(inherited)",
				);
				GCC_WARN_64_TO_32_BIT_CONVERSION = YES;
				GCC_WARN_ABOUT_RETURN_TYPE = YES_ERROR;
				GCC_WARN_UNDECLARED_SELECTOR = YES;
				GCC_WARN_UNINITIALIZED_AUTOS = YES_AGGRESSIVE;
				GCC_WARN_UNUSED_FUNCTION = YES;
				GCC_WARN_UNUSED_VARIABLE = YES;
				IPHONEOS_DEPLOYMENT_TARGET = 16.2;
				MTL_ENABLE_DEBUG_INFO = INCLUDE_SOURCE;
				MTL_FAST_MATH = YES;
				ONLY_ACTIVE_ARCH = YES;
				SDKROOT = iphoneos;
				SWIFT_ACTIVE_COMPILATION_CONDITIONS = DEBUG;
				SWIFT_OPTIMIZATION_LEVEL = "-Onone";
			};
			name = Debug;
		};
		91CB51E32A3DC5F8001C28D6 /* Release */ = {
			isa = XCBuildConfiguration;
			buildSettings = {
				ALWAYS_SEARCH_USER_PATHS = NO;
				CLANG_ANALYZER_NONNULL = YES;
				CLANG_ANALYZER_NUMBER_OBJECT_CONVERSION = YES_AGGRESSIVE;
				CLANG_CXX_LANGUAGE_STANDARD = "gnu++20";
				CLANG_ENABLE_MODULES = YES;
				CLANG_ENABLE_OBJC_ARC = YES;
				CLANG_ENABLE_OBJC_WEAK = YES;
				CLANG_WARN_BLOCK_CAPTURE_AUTORELEASING = YES;
				CLANG_WARN_BOOL_CONVERSION = YES;
				CLANG_WARN_COMMA = YES;
				CLANG_WARN_CONSTANT_CONVERSION = YES;
				CLANG_WARN_DEPRECATED_OBJC_IMPLEMENTATIONS = YES;
				CLANG_WARN_DIRECT_OBJC_ISA_USAGE = YES_ERROR;
				CLANG_WARN_DOCUMENTATION_COMMENTS = YES;
				CLANG_WARN_EMPTY_BODY = YES;
				CLANG_WARN_ENUM_CONVERSION = YES;
				CLANG_WARN_INFINITE_RECURSION = YES;
				CLANG_WARN_INT_CONVERSION = YES;
				CLANG_WARN_NON_LITERAL_NULL_CONVERSION = YES;
				CLANG_WARN_OBJC_IMPLICIT_RETAIN_SELF = YES;
				CLANG_WARN_OBJC_LITERAL_CONVERSION = YES;
				CLANG_WARN_OBJC_ROOT_CLASS = YES_ERROR;
				CLANG_WARN_QUOTED_INCLUDE_IN_FRAMEWORK_HEADER = YES;
				CLANG_WARN_RANGE_LOOP_ANALYSIS = YES;
				CLANG_WARN_STRICT_PROTOTYPES = YES;
				CLANG_WARN_SUSPICIOUS_MOVE = YES;
				CLANG_WARN_UNGUARDED_AVAILABILITY = YES_AGGRESSIVE;
				CLANG_WARN_UNREACHABLE_CODE = YES;
				CLANG_WARN__DUPLICATE_METHOD_MATCH = YES;
				COPY_PHASE_STRIP = NO;
				DEBUG_INFORMATION_FORMAT = "dwarf-with-dsym";
				ENABLE_NS_ASSERTIONS = NO;
				ENABLE_STRICT_OBJC_MSGSEND = YES;
				GCC_C_LANGUAGE_STANDARD = gnu11;
				GCC_NO_COMMON_BLOCKS = YES;
				GCC_WARN_64_TO_32_BIT_CONVERSION = YES;
				GCC_WARN_ABOUT_RETURN_TYPE = YES_ERROR;
				GCC_WARN_UNDECLARED_SELECTOR = YES;
				GCC_WARN_UNINITIALIZED_AUTOS = YES_AGGRESSIVE;
				GCC_WARN_UNUSED_FUNCTION = YES;
				GCC_WARN_UNUSED_VARIABLE = YES;
				IPHONEOS_DEPLOYMENT_TARGET = 16.2;
				MTL_ENABLE_DEBUG_INFO = NO;
				MTL_FAST_MATH = YES;
				SDKROOT = iphoneos;
				SWIFT_COMPILATION_MODE = wholemodule;
				SWIFT_OPTIMIZATION_LEVEL = "-O";
				VALIDATE_PRODUCT = YES;
			};
			name = Release;
		};
		91CB51E52A3DC5F8001C28D6 /* Debug */ = {
			isa = XCBuildConfiguration;
			buildSettings = {
				ASSETCATALOG_COMPILER_APPICON_NAME = AppIcon;
				ASSETCATALOG_COMPILER_GLOBAL_ACCENT_COLOR_NAME = AccentColor;
				CODE_SIGN_STYLE = Automatic;
				CURRENT_PROJECT_VERSION = 1;
				DEVELOPMENT_ASSET_PATHS = "\"TCAApp/Preview Content\"";
				ENABLE_PREVIEWS = YES;
				GENERATE_INFOPLIST_FILE = YES;
				INFOPLIST_KEY_UIApplicationSceneManifest_Generation = YES;
				INFOPLIST_KEY_UIApplicationSupportsIndirectInputEvents = YES;
				INFOPLIST_KEY_UILaunchScreen_Generation = YES;
				INFOPLIST_KEY_UISupportedInterfaceOrientations_iPad = "UIInterfaceOrientationPortrait UIInterfaceOrientationPortraitUpsideDown UIInterfaceOrientationLandscapeLeft UIInterfaceOrientationLandscapeRight";
				INFOPLIST_KEY_UISupportedInterfaceOrientations_iPhone = "UIInterfaceOrientationPortrait UIInterfaceOrientationLandscapeLeft UIInterfaceOrientationLandscapeRight";
				LD_RUNPATH_SEARCH_PATHS = (
					"$(inherited)",
					"@executable_path/Frameworks",
				);
				MARKETING_VERSION = 1.0;
				PRODUCT_BUNDLE_IDENTIFIER = s.identifier.TCAApp;
				PRODUCT_NAME = "$(TARGET_NAME)";
				SWIFT_EMIT_LOC_STRINGS = YES;
				SWIFT_VERSION = 5.0;
				TARGETED_DEVICE_FAMILY = "1,2";
			};
			name = Debug;
		};
		91CB51E62A3DC5F8001C28D6 /* Release */ = {
			isa = XCBuildConfiguration;
			buildSettings = {
				ASSETCATALOG_COMPILER_APPICON_NAME = AppIcon;
				ASSETCATALOG_COMPILER_GLOBAL_ACCENT_COLOR_NAME = AccentColor;
				CODE_SIGN_STYLE = Automatic;
				CURRENT_PROJECT_VERSION = 1;
				DEVELOPMENT_ASSET_PATHS = "\"TCAApp/Preview Content\"";
				ENABLE_PREVIEWS = YES;
				GENERATE_INFOPLIST_FILE = YES;
				INFOPLIST_KEY_UIApplicationSceneManifest_Generation = YES;
				INFOPLIST_KEY_UIApplicationSupportsIndirectInputEvents = YES;
				INFOPLIST_KEY_UILaunchScreen_Generation = YES;
				INFOPLIST_KEY_UISupportedInterfaceOrientations_iPad = "UIInterfaceOrientationPortrait UIInterfaceOrientationPortraitUpsideDown UIInterfaceOrientationLandscapeLeft UIInterfaceOrientationLandscapeRight";
				INFOPLIST_KEY_UISupportedInterfaceOrientations_iPhone = "UIInterfaceOrientationPortrait UIInterfaceOrientationLandscapeLeft UIInterfaceOrientationLandscapeRight";
				LD_RUNPATH_SEARCH_PATHS = (
					"$(inherited)",
					"@executable_path/Frameworks",
				);
				MARKETING_VERSION = 1.0;
				PRODUCT_BUNDLE_IDENTIFIER = s.identifier.TCAApp;
				PRODUCT_NAME = "$(TARGET_NAME)";
				SWIFT_EMIT_LOC_STRINGS = YES;
				SWIFT_VERSION = 5.0;
				TARGETED_DEVICE_FAMILY = "1,2";
			};
			name = Release;
		};
		91CB51E82A3DC5F8001C28D6 /* Debug */ = {
			isa = XCBuildConfiguration;
			buildSettings = {
				ALWAYS_EMBED_SWIFT_STANDARD_LIBRARIES = YES;
				BUNDLE_LOADER = "$(TEST_HOST)";
				CODE_SIGN_STYLE = Automatic;
				CURRENT_PROJECT_VERSION = 1;
				GENERATE_INFOPLIST_FILE = YES;
				IPHONEOS_DEPLOYMENT_TARGET = 16.2;
				MARKETING_VERSION = 1.0;
				PRODUCT_BUNDLE_IDENTIFIER = s.identifier.TCAAppTests;
				PRODUCT_NAME = "$(TARGET_NAME)";
				SWIFT_EMIT_LOC_STRINGS = NO;
				SWIFT_VERSION = 5.0;
				TARGETED_DEVICE_FAMILY = "1,2";
				TEST_HOST = "$(BUILT_PRODUCTS_DIR)/TCAApp.app/$(BUNDLE_EXECUTABLE_FOLDER_PATH)/TCAApp";
			};
			name = Debug;
		};
		91CB51E92A3DC5F8001C28D6 /* Release */ = {
			isa = XCBuildConfiguration;
			buildSettings = {
				ALWAYS_EMBED_SWIFT_STANDARD_LIBRARIES = YES;
				BUNDLE_LOADER = "$(TEST_HOST)";
				CODE_SIGN_STYLE = Automatic;
				CURRENT_PROJECT_VERSION = 1;
				GENERATE_INFOPLIST_FILE = YES;
				IPHONEOS_DEPLOYMENT_TARGET = 16.2;
				MARKETING_VERSION = 1.0;
				PRODUCT_BUNDLE_IDENTIFIER = s.identifier.TCAAppTests;
				PRODUCT_NAME = "$(TARGET_NAME)";
				SWIFT_EMIT_LOC_STRINGS = NO;
				SWIFT_VERSION = 5.0;
				TARGETED_DEVICE_FAMILY = "1,2";
				TEST_HOST = "$(BUILT_PRODUCTS_DIR)/TCAApp.app/$(BUNDLE_EXECUTABLE_FOLDER_PATH)/TCAApp";
			};
			name = Release;
		};
		91CB51EB2A3DC5F8001C28D6 /* Debug */ = {
			isa = XCBuildConfiguration;
			buildSettings = {
				ALWAYS_EMBED_SWIFT_STANDARD_LIBRARIES = YES;
				CODE_SIGN_STYLE = Automatic;
				CURRENT_PROJECT_VERSION = 1;
				GENERATE_INFOPLIST_FILE = YES;
				MARKETING_VERSION = 1.0;
				PRODUCT_BUNDLE_IDENTIFIER = s.identifier.TCAAppUITests;
				PRODUCT_NAME = "$(TARGET_NAME)";
				SWIFT_EMIT_LOC_STRINGS = NO;
				SWIFT_VERSION = 5.0;
				TARGETED_DEVICE_FAMILY = "1,2";
				TEST_TARGET_NAME = TCAApp;
			};
			name = Debug;
		};
		91CB51EC2A3DC5F8001C28D6 /* Release */ = {
			isa = XCBuildConfiguration;
			buildSettings = {
				ALWAYS_EMBED_SWIFT_STANDARD_LIBRARIES = YES;
				CODE_SIGN_STYLE = Automatic;
				CURRENT_PROJECT_VERSION = 1;
				GENERATE_INFOPLIST_FILE = YES;
				MARKETING_VERSION = 1.0;
				PRODUCT_BUNDLE_IDENTIFIER = s.identifier.TCAAppUITests;
				PRODUCT_NAME = "$(TARGET_NAME)";
				SWIFT_EMIT_LOC_STRINGS = NO;
				SWIFT_VERSION = 5.0;
				TARGETED_DEVICE_FAMILY = "1,2";
				TEST_TARGET_NAME = TCAApp;
			};
			name = Release;
		};
/* End XCBuildConfiguration section */

/* Begin XCConfigurationList section */
		91CB51BB2A3DC5F6001C28D6 /* Build configuration list for PBXProject "TCAApp" */ = {
			isa = XCConfigurationList;
			buildConfigurations = (
				91CB51E22A3DC5F8001C28D6 /* Debug */,
				91CB51E32A3DC5F8001C28D6 /* Release */,
			);
			defaultConfigurationIsVisible = 0;
			defaultConfigurationName = Release;
		};
		91CB51E42A3DC5F8001C28D6 /* Build configuration list for PBXNativeTarget "TCAApp" */ = {
			isa = XCConfigurationList;
			buildConfigurations = (
				91CB51E52A3DC5F8001C28D6 /* Debug */,
				91CB51E62A3DC5F8001C28D6 /* Release */,
			);
			defaultConfigurationIsVisible = 0;
			defaultConfigurationName = Release;
		};
		91CB51E72A3DC5F8001C28D6 /* Build configuration list for PBXNativeTarget "TCAAppTests" */ = {
			isa = XCConfigurationList;
			buildConfigurations = (
				91CB51E82A3DC5F8001C28D6 /* Debug */,
				91CB51E92A3DC5F8001C28D6 /* Release */,
			);
			defaultConfigurationIsVisible = 0;
			defaultConfigurationName = Release;
		};
		91CB51EA2A3DC5F8001C28D6 /* Build configuration list for PBXNativeTarget "TCAAppUITests" */ = {
			isa = XCConfigurationList;
			buildConfigurations = (
				91CB51EB2A3DC5F8001C28D6 /* Debug */,
				91CB51EC2A3DC5F8001C28D6 /* Release */,
			);
			defaultConfigurationIsVisible = 0;
			defaultConfigurationName = Release;
		};
/* End XCConfigurationList section */

/* Begin XCRemoteSwiftPackageReference section */
		91CB51ED2A3DC634001C28D6 /* XCRemoteSwiftPackageReference "swift-composable-architecture" */ = {
			isa = XCRemoteSwiftPackageReference;
			repositoryURL = "https://github.com/pointfreeco/swift-composable-architecture";
			requirement = {
				branch = main;
				kind = branch;
			};
		};
/* End XCRemoteSwiftPackageReference section */

/* Begin XCSwiftPackageProductDependency section */
		91CB51EE2A3DC634001C28D6 /* ComposableArchitecture */ = {
			isa = XCSwiftPackageProductDependency;
			package = 91CB51ED2A3DC634001C28D6 /* XCRemoteSwiftPackageReference "swift-composable-architecture" */;
			productName = ComposableArchitecture;
		};
/* End XCSwiftPackageProductDependency section */
	};
	rootObject = 91CB51B82A3DC5F6001C28D6 /* Project object */;
}
